
Microsoft Visual Studio Solution File, Format Version 12.00
# Visual Studio 15
VisualStudioVersion = 15.0.27130.2027
MinimumVisualStudioVersion = 10.0.40219.1
Project("{8BC9CEB8-8B4A-11D0-8D11-00A0C91BC942}") = "TownieTry3", "TownieTry3\TownieTry3.vcxproj", "{395C3B30-AB8A-4745-AF18-86EAFAE87945}"
EndProject
Project("{8BC9CEB8-8B4A-11D0-8D11-00A0C91BC942}") = "NNPathfindingUnitTest", "NNPathfindingUnitTest\NNPathfindingUnitTest.vcxproj", "{E4D7116C-391D-4476-B4D2-599974112004}"
EndProject
Global
	GlobalSection(SolutionConfigurationPlatforms) = preSolution
		Debug|x64 = Debug|x64
		Debug|x86 = Debug|x86
		Release|x64 = Release|x64
		Release|x86 = Release|x86
	EndGlobalSection
	GlobalSection(ProjectConfigurationPlatforms) = postSolution
		{395C3B30-AB8A-4745-AF18-86EAFAE87945}.Debug|x64.ActiveCfg = Debug|x64
		{395C3B30-AB8A-4745-AF18-86EAFAE87945}.Debug|x64.Build.0 = Debug|x64
		{395C3B30-AB8A-4745-AF18-86EAFAE87945}.Debug|x86.ActiveCfg = Debug|Win32
		{395C3B30-AB8A-4745-AF18-86EAFAE87945}.Debug|x86.Build.0 = Debug|Win32
		{395C3B30-AB8A-4745-AF18-86EAFAE87945}.Release|x64.ActiveCfg = Release|x64
		{395C3B30-AB8A-4745-AF18-86EAFAE87945}.Release|x64.Build.0 = Release|x64
		{395C3B30-AB8A-4745-AF18-86EAFAE87945}.Release|x86.ActiveCfg = Release|Win32
		{395C3B30-AB8A-4745-AF18-86EAFAE87945}.Release|x86.Build.0 = Release|Win32
		{E4D7116C-391D-4476-B4D2-599974112004}.Debug|x64.ActiveCfg = Debug|x64
		{E4D7116C-391D-4476-B4D2-599974112004}.Debug|x64.Build.0 = Debug|x64
		{E4D7116C-391D-4476-B4D2-599974112004}.Debug|x86.ActiveCfg = Debug|Win32
		{E4D7116C-391D-4476-B4D2-599974112004}.Debug|x86.Build.0 = Debug|Win32
		{E4D7116C-391D-4476-B4D2-599974112004}.Release|x64.ActiveCfg = Release|x64
		{E4D7116C-391D-4476-B4D2-599974112004}.Release|x64.Build.0 = Release|x64
		{E4D7116C-391D-4476-B4D2-599974112004}.Release|x86.ActiveCfg = Release|Win32
		{E4D7116C-391D-4476-B4D2-599974112004}.Release|x86.Build.0 = Release|Win32
	EndGlobalSection
	GlobalSection(SolutionProperties) = preSolution
		HideSolutionNode = FALSE
	EndGlobalSection
	GlobalSection(ExtensibilityGlobals) = postSolution
		SolutionGuid = {B7867AEC-5EB7-4FA3-AE85-706C1EEBE245}
	EndGlobalSection
EndGlobal
